{
  "name": "lgtm-ci-ai-review-cli-claude",
  "version": "0.0.0",
  "lockfileVersion": 3,
  "requires": true,
  "packages": {
    "": {
      "name": "lgtm-ci-ai-review-cli-claude",
      "version": "0.0.0",
      "dependencies": {
        "@anthropic-ai/claude-code": "2.1.291"
      }
    },
    "node_modules/@anthropic-ai/claude-code": {
      "version": "2.1.291",
      "resolved": "https://registry.npmjs.org/@anthropic-ai/claude-code/-/claude-code-2.1.291.tgz",
      "integrity": "sha512-iLejshKVpXWrcniWFdxZFOpRFSSzhUi9K5+yeeo7KZbTXQg/sYsNs20O1xjF0s9/C7eV8MIQCmFWfdEKXQmHGA==",
      "hasInstallScript": true,
      "license": "SEE LICENSE IN README.md",
      "bin": {
        "claude": "bin/claude.exe"
      },
      "engines": {
        "node": ">=22.0.0"
      },
      "optionalDependencies": {
        "@anthropic-ai/claude-code-darwin-arm64": "2.1.291",
        "@anthropic-ai/claude-code-darwin-x64": "2.1.291",
        "@anthropic-ai/claude-code-linux-arm64": "2.1.291",
        "@anthropic-ai/claude-code-linux-arm64-musl": "2.1.291",
        "@anthropic-ai/claude-code-linux-x64": "2.1.291",
        "@anthropic-ai/claude-code-linux-x64-musl": "2.1.291",
        "@anthropic-ai/claude-code-win32-arm64": "2.1.291",
        "@anthropic-ai/claude-code-win32-x64": "2.1.291"
      }
    },
    "node_modules/@anthropic-ai/claude-code-darwin-arm64": {
      "version": "2.1.291",
      "resolved": "https://registry.npmjs.org/@anthropic-ai/claude-code-darwin-arm64/-/claude-code-darwin-arm64-2.1.291.tgz",
      "integrity": "sha512-2Qwt+MyI0g3Ysjpj8+DSLGV8aph+OnQhYYD6wU81cU+DtIcPN9hON+nVIIN18FJO6Nro8iSbBxadFFPAD2vWUA==",
      "cpu": [
        "arm64"
      ],
      "license": "SEE LICENSE IN LICENSE.md",
      "optional": true,
      "os": [
        "darwin"
      ]
    },
    "node_modules/@anthropic-ai/claude-code-darwin-x64": {
      "version": "2.1.291",
      "resolved": "https://registry.npmjs.org/@anthropic-ai/claude-code-darwin-x64/-/claude-code-darwin-x64-2.1.291.tgz",
      "integrity": "sha512-n+UkGUkJZOLJll/A02gJKHKvxayea/7cvBlvXGXSPf0SAY3OCfdOpZvQ7VY8VVgPUl5Pqf79tLgsfF3Qj5DKcw==",
      "cpu": [
        "x64"
      ],
      "license": "SEE LICENSE IN LICENSE.md",
      "optional": true,
      "os": [
        "darwin"
      ]
    },
    "node_modules/@anthropic-ai/claude-code-linux-arm64": {
      "version": "2.1.291",
      "resolved": "https://registry.npmjs.org/@anthropic-ai/claude-code-linux-arm64/-/claude-code-linux-arm64-2.1.291.tgz",
      "integrity": "sha512-lxwNznyTqaCXrOu+XSj1LowJaUbjmtk7VvL/V0SW67mLAVl0kJYBJUs9mKfN/T1xBXCFowtBLW5mhbMQY+Z0cQ==",
      "cpu": [
        "arm64"
      ],
      "libc": [
        "glibc"
      ],
      "license": "SEE LICENSE IN LICENSE.md",
      "optional": true,
      "os": [
        "linux"
      ]
    },
    "node_modules/@anthropic-ai/claude-code-linux-arm64-musl": {
      "version": "2.1.291",
      "resolved": "https://registry.npmjs.org/@anthropic-ai/claude-code-linux-arm64-musl/-/claude-code-linux-arm64-musl-2.1.291.tgz",
      "integrity": "sha512-9lZ9ZElxmdRqV0elhibKbXwoJHry5wRGflsdKf7LhVopKZT/wsGqIFgt6mw8NZDQ/BGUX5FgF9Yn60dZ5kOtFQ==",
      "cpu": [
        "arm64"
      ],
      "libc": [
        "musl"
      ],
      "license": "SEE LICENSE IN LICENSE.md",
      "optional": true,
      "os": [
        "linux"
      ]
    },
    "node_modules/@anthropic-ai/claude-code-linux-x64": {
      "version": "2.1.291",
      "resolved": "https://registry.npmjs.org/@anthropic-ai/claude-code-linux-x64/-/claude-code-linux-x64-2.1.291.tgz",
      "integrity": "sha512-i0YJxdh8yIbRQ9x1gsbB24oVWhs7BARNRIHoRjXw0CeD4Yp5JoVpQlbfPIA9Rg3UhkcH6d3StYAFrSt3l2m5HA==",
      "cpu": [
        "x64"
      ],
      "libc": [
        "glibc"
      ],
      "license": "SEE LICENSE IN LICENSE.md",
      "optional": true,
      "os": [
        "linux"
      ]
    },
    "node_modules/@anthropic-ai/claude-code-linux-x64-musl": {
      "version": "2.1.291",
      "resolved": "https://registry.npmjs.org/@anthropic-ai/claude-code-linux-x64-musl/-/claude-code-linux-x64-musl-2.1.291.tgz",
      "integrity": "sha512-coGTrqEklCLBed+i2FXzg/3IqHIPd9/mGTinEqO8IlmKk8qOqFYTf5zQzJ9m3/T+p9Qt2m1314/S00gOU/Femw==",
      "cpu": [
        "x64"
      ],
      "libc": [
        "musl"
      ],
      "license": "SEE LICENSE IN LICENSE.md",
      "optional": true,
      "os": [
        "linux"
      ]
    },
    "node_modules/@anthropic-ai/claude-code-win32-arm64": {
      "version": "2.1.291",
      "resolved": "https://registry.npmjs.org/@anthropic-ai/claude-code-win32-arm64/-/claude-code-win32-arm64-2.1.291.tgz",
      "integrity": "sha512-6tp7s62DK/6J/cymBjVknN1gLUX3zx9F4hsOqSfxwaA6Ve/jTAAdz6twypH+sFy2d339ByLmhIA20gTjsiqk5Q==",
      "cpu": [
        "arm64"
      ],
      "license": "SEE LICENSE IN LICENSE.md",
      "optional": true,
      "os": [
        "win32"
      ]
    },
    "node_modules/@anthropic-ai/claude-code-win32-x64": {
      "version": "2.1.291",
      "resolved": "https://registry.npmjs.org/@anthropic-ai/claude-code-win32-x64/-/claude-code-win32-x64-2.1.291.tgz",
      "integrity": "sha512-Gv2ao/gJkZ781I9PvbVUoLqI1NqrIWhs4AKbI2hPwPhOuACQeY3EbAOwZL17OtsnuovCn/djYx4sJc9C6oU1SA==",
      "cpu": [
        "x64"
      ],
      "license": "SEE LICENSE IN LICENSE.md",
      "optional": true,
      "os": [
        "win32"
      ]
    }
  }
}
